// !$*UTF8*$!
{
	archiveVersion = 1;
	classes = {
	};
	objectVersion = 50;
	objects = {

/* Begin PBXBuildFile section */
		8B8FF4412576F69B0056BB78 /* AppDelegate.swift in Sources */ = {isa = PBXBuildFile; fileRef = 8B8FF4402576F69B0056BB78 /* AppDelegate.swift */; };
		8B8FF4432576F69B0056BB78 /* SceneDelegate.swift in Sources */ = {isa = PBXBuildFile; fileRef = 8B8FF4422576F69B0056BB78 /* SceneDelegate.swift */; };
		8B8FF4452576F69B0056BB78 /* ViewController.swift in Sources */ = {isa = PBXBuildFile; fileRef = 8B8FF4442576F69B0056BB78 /* ViewController.swift */; };
		8B8FF4482576F69B0056BB78 /* Main.storyboard in Resources */ = {isa = PBXBuildFile; fileRef = 8B8FF4462576F69B0056BB78 /* Main.storyboard */; };
		8B8FF44A2576F6A40056BB78 /* Assets.xcassets in Resources */ = {isa = PBXBuildFile; fileRef = 8B8FF4492576F6A40056BB78 /* Assets.xcassets */; };
		8B8FF44D2576F6A40056BB78 /* LaunchScreen.storyboard in Resources */ = {isa = PBXBuildFile; fileRef = 8B8FF44B2576F6A40056BB78 /* LaunchScreen.storyboard */; };
		8B8FF47D257BC0A00056BB78 /* MenuViewControlerViewController.swift in Sources */ = {isa = PBXBuildFile; fileRef = 8B8FF47C257BC0A00056BB78 /* MenuViewControlerViewController.swift */; };
		8B8FF480257BD1F40056BB78 /* CongratViewController.swift in Sources */ = {isa = PBXBuildFile; fileRef = 8B8FF47F257BD1F40056BB78 /* CongratViewController.swift */; };
		8B8FF4B3257CF6550056BB78 /* Core.data_Sebby.xcdatamodeld in Sources */ = {isa = PBXBuildFile; fileRef = 8B8FF4B1257CF6550056BB78 /* Core.data_Sebby.xcdatamodeld */; };
/* End PBXBuildFile section */

/* Begin PBXFileReference section */
		8B8FF43D2576F69B0056BB78 /* SebbyJustePrix.app */ = {isa = PBXFileReference; explicitFileType = wrapper.application; includeInIndex = 0; path = SebbyJustePrix.app; sourceTree = BUILT_PRODUCTS_DIR; };
		8B8FF4402576F69B0056BB78 /* AppDelegate.swift */ = {isa = PBXFileReference; lastKnownFileType = sourcecode.swift; path = AppDelegate.swift; sourceTree = "<group>"; };
		8B8FF4422576F69B0056BB78 /* SceneDelegate.swift */ = {isa = PBXFileReference; lastKnownFileType = sourcecode.swift; path = SceneDelegate.swift; sourceTree = "<group>"; };
		8B8FF4442576F69B0056BB78 /* ViewController.swift */ = {isa = PBXFileReference; lastKnownFileType = sourcecode.swift; path = ViewController.swift; sourceTree = "<group>"; };
		8B8FF4472576F69B0056BB78 /* Base */ = {isa = PBXFileReference; lastKnownFileType = file.storyboard; name = Base; path = Base.lproj/Main.storyboard; sourceTree = "<group>"; };
		8B8FF4492576F6A40056BB78 /* Assets.xcassets */ = {isa = PBXFileReference; lastKnownFileType = folder.assetcatalog; path = Assets.xcassets; sourceTree = "<group>"; };
		8B8FF44C2576F6A40056BB78 /* Base */ = {isa = PBXFileReference; lastKnownFileType = file.storyboard; name = Base; path = Base.lproj/LaunchScreen.storyboard; sourceTree = "<group>"; };
		8B8FF44E2576F6A40056BB78 /* Info.plist */ = {isa = PBXFileReference; lastKnownFileType = text.plist.xml; path = Info.plist; sourceTree = "<group>"; };
		8B8FF47C257BC0A00056BB78 /* MenuViewControlerViewController.swift */ = {isa = PBXFileReference; lastKnownFileType = sourcecode.swift; path = MenuViewControlerViewController.swift; sourceTree = "<group>"; };
		8B8FF47F257BD1F40056BB78 /* CongratViewController.swift */ = {isa = PBXFileReference; lastKnownFileType = sourcecode.swift; path = CongratViewController.swift; sourceTree = "<group>"; };
		8B8FF486257CF26A0056BB78 /* libsqlite3.tbd */ = {isa = PBXFileReference; lastKnownFileType = "sourcecode.text-based-dylib-definition"; name = libsqlite3.tbd; path = usr/lib/libsqlite3.tbd; sourceTree = SDKROOT; };
		8B8FF4B2257CF6550056BB78 /* Core.data_Sebby.xcdatamodel */ = {isa = PBXFileReference; lastKnownFileType = wrapper.xcdatamodel; path = Core.data_Sebby.xcdatamodel; sourceTree = "<group>"; };
/* End PBXFileReference section */

/* Begin PBXFrameworksBuildPhase section */
		8B8FF43A2576F69B0056BB78 /* Frameworks */ = {
			isa = PBXFrameworksBuildPhase;
			buildActionMask = 2147483647;
			files = (
			);
			runOnlyForDeploymentPostprocessing = 0;
		};
/* End PBXFrameworksBuildPhase section */

/* Begin PBXGroup section */
		8B8FF4342576F69B0056BB78 = {
			isa = PBXGroup;
			children = (
				8B8FF43F2576F69B0056BB78 /* SebbyJustePrix */,
				8B8FF43E2576F69B0056BB78 /* Products */,
				8B8FF485257CF26A0056BB78 /* Frameworks */,
			);
			sourceTree = "<group>";
		};
		8B8FF43E2576F69B0056BB78 /* Products */ = {
			isa = PBXGroup;
			children = (
				8B8FF43D2576F69B0056BB78 /* SebbyJustePrix.app */,
			);
			name = Products;
			sourceTree = "<group>";
		};
		8B8FF43F2576F69B0056BB78 /* SebbyJustePrix */ = {
			isa = PBXGroup;
			children = (
				8B8FF4402576F69B0056BB78 /* AppDelegate.swift */,
				8B8FF4422576F69B0056BB78 /* SceneDelegate.swift */,
				8B8FF4442576F69B0056BB78 /* ViewController.swift */,
				8B8FF47F257BD1F40056BB78 /* CongratViewController.swift */,
				8B8FF4462576F69B0056BB78 /* Main.storyboard */,
				8B8FF47C257BC0A00056BB78 /* MenuViewControlerViewController.swift */,
				8B8FF4492576F6A40056BB78 /* Assets.xcassets */,
				8B8FF44B2576F6A40056BB78 /* LaunchScreen.storyboard */,
				8B8FF44E2576F6A40056BB78 /* Info.plist */,
				8B8FF4B1257CF6550056BB78 /* Core.data_Sebby.xcdatamodeld */,
			);
			path = SebbyJustePrix;
			sourceTree = "<group>";
		};
		8B8FF485257CF26A0056BB78 /* Frameworks */ = {
			isa = PBXGroup;
			children = (
				8B8FF486257CF26A0056BB78 /* libsqlite3.tbd */,
			);
			name = Frameworks;
			sourceTree = "<group>";
		};
/* End PBXGroup section */

/* Begin PBXNativeTarget section */
		8B8FF43C2576F69B0056BB78 /* SebbyJustePrix */ = {
			isa = PBXNativeTarget;
			buildConfigurationList = 8B8FF4512576F6A40056BB78 /* Build configuration list for PBXNativeTarget "SebbyJustePrix" */;
			buildPhases = (
				8B8FF4392576F69B0056BB78 /* Sources */,
				8B8FF43A2576F69B0056BB78 /* Frameworks */,
				8B8FF43B2576F69B0056BB78 /* Resources */,
			);
			buildRules = (
			);
			dependencies = (
			);
			name = SebbyJustePrix;
			productName = SebbyJustePrix;
			productReference = 8B8FF43D2576F69B0056BB78 /* SebbyJustePrix.app */;
			productType = "com.apple.product-type.application";
		};
/* End PBXNativeTarget section */

/* Begin PBXProject section */
		8B8FF4352576F69B0056BB78 /* Project object */ = {
			isa = PBXProject;
			attributes = {
				LastSwiftUpdateCheck = 1220;
				LastUpgradeCheck = 1220;
				TargetAttributes = {
					8B8FF43C2576F69B0056BB78 = {
						CreatedOnToolsVersion = 12.2;
					};
				};
			};
			buildConfigurationList = 8B8FF4382576F69B0056BB78 /* Build configuration list for PBXProject "SebbyJustePrix" */;
			compatibilityVersion = "Xcode 9.3";
			developmentRegion = en;
			hasScannedForEncodings = 0;
			knownRegions = (
				en,
				Base,
			);
			mainGroup = 8B8FF4342576F69B0056BB78;
			productRefGroup = 8B8FF43E2576F69B0056BB78 /* Products */;
			projectDirPath = "";
			projectRoot = "";
			targets = (
				8B8FF43C2576F69B0056BB78 /* SebbyJustePrix */,
			);
		};
/* End PBXProject section */

/* Begin PBXResourcesBuildPhase section */
		8B8FF43B2576F69B0056BB78 /* Resources */ = {
			isa = PBXResourcesBuildPhase;
			buildActionMask = 2147483647;
			files = (
				8B8FF44D2576F6A40056BB78 /* LaunchScreen.storyboard in Resources */,
				8B8FF44A2576F6A40056BB78 /* Assets.xcassets in Resources */,
				8B8FF4482576F69B0056BB78 /* Main.storyboard in Resources */,
			);
			runOnlyForDeploymentPostprocessing = 0;
		};
/* End PBXResourcesBuildPhase section */

/* Begin PBXSourcesBuildPhase section */
		8B8FF4392576F69B0056BB78 /* Sources */ = {
			isa = PBXSourcesBuildPhase;
			buildActionMask = 2147483647;
			files = (
				8B8FF4452576F69B0056BB78 /* ViewController.swift in Sources */,
				8B8FF4412576F69B0056BB78 /* AppDelegate.swift in Sources */,
				8B8FF4432576F69B0056BB78 /* SceneDelegate.swift in Sources */,
				8B8FF4B3257CF6550056BB78 /* Core.data_Sebby.xcdatamodeld in Sources */,
				8B8FF47D257BC0A00056BB78 /* MenuViewControlerViewController.swift in Sources */,
				8B8FF480257BD1F40056BB78 /* CongratViewController.swift in Sources */,
			);
			runOnlyForDeploymentPostprocessing = 0;
		};
/* End PBXSourcesBuildPhase section */

/* Begin PBXVariantGroup section */
		8B8FF4462576F69B0056BB78 /* Main.storyboard */ = {
			isa = PBXVariantGroup;
			children = (
				8B8FF4472576F69B0056BB78 /* Base */,
			);
			name = Main.storyboard;
			sourceTree = "<group>";
		};
		8B8FF44B2576F6A40056BB78 /* LaunchScreen.storyboard */ = {
			isa = PBXVariantGroup;
			children = (
				8B8FF44C2576F6A40056BB78 /* Base */,
			);
			name = LaunchScreen.storyboard;
			sourceTree = "<group>";
		};
/* End PBXVariantGroup section */

/* Begin XCBuildConfiguration section */
		8B8FF44F2576F6A40056BB78 /* Debug */ = {
			isa = XCBuildConfiguration;
			buildSettings = {
				ALWAYS_SEARCH_USER_PATHS = NO;
				CLANG_ANALYZER_NONNULL = YES;
				CLANG_ANALYZER_NUMBER_OBJECT_CONVERSION = YES_AGGRESSIVE;
				CLANG_CXX_LANGUAGE_STANDARD = "gnu++14";
				CLANG_CXX_LIBRARY = "libc++";
				CLANG_ENABLE_MODULES = YES;
				CLANG_ENABLE_OBJC_ARC = YES;
				CLANG_ENABLE_OBJC_WEAK = YES;
				CLANG_WARN_BLOCK_CAPTURE_AUTORELEASING = YES;
				CLANG_WARN_BOOL_CONVERSION = YES;
				CLANG_WARN_COMMA = YES;
				CLANG_WARN_CONSTANT_CONVERSION = YES;
				CLANG_WARN_DEPRECATED_OBJC_IMPLEMENTATIONS = YES;
				CLANG_WARN_DIRECT_OBJC_ISA_USAGE = YES_ERROR;
				CLANG_WARN_DOCUMENTATION_COMMENTS = YES;
				CLANG_WARN_EMPTY_BODY = YES;
				CLANG_WARN_ENUM_CONVERSION = YES;
				CLANG_WARN_INFINITE_RECURSION = YES;
				CLANG_WARN_INT_CONVERSION = YES;
				CLANG_WARN_NON_LITERAL_NULL_CONVERSION = YES;
				CLANG_WARN_OBJC_IMPLICIT_RETAIN_SELF = YES;
				CLANG_WARN_OBJC_LITERAL_CONVERSION = YES;
				CLANG_WARN_OBJC_ROOT_CLASS = YES_ERROR;
				CLANG_WARN_QUOTED_INCLUDE_IN_FRAMEWORK_HEADER = YES;
				CLANG_WARN_RANGE_LOOP_ANALYSIS = YES;
				CLANG_WARN_STRICT_PROTOTYPES = YES;
				CLANG_WARN_SUSPICIOUS_MOVE = YES;
				CLANG_WARN_UNGUARDED_AVAILABILITY = YES_AGGRESSIVE;
				CLANG_WARN_UNREACHABLE_CODE = YES;
				CLANG_WARN__DUPLICATE_METHOD_MATCH = YES;
				COPY_PHASE_STRIP = NO;
				DEBUG_INFORMATION_FORMAT = dwarf;
				ENABLE_STRICT_OBJC_MSGSEND = YES;
				ENABLE_TESTABILITY = YES;
				GCC_C_LANGUAGE_STANDARD = gnu11;
				GCC_DYNAMIC_NO_PIC = NO;
				GCC_NO_COMMON_BLOCKS = YES;
				GCC_OPTIMIZATION_LEVEL = 0;
				GCC_PREPROCESSOR_DEFINITIONS = (
					"DEBUG=1",
					"$(inherited)",
				);
				GCC_WARN_64_TO_32_BIT_CONVERSION = YES;
				GCC_WARN_ABOUT_RETURN_TYPE = YES_ERROR;
				GCC_WARN_UNDECLARED_SELECTOR = YES;
				GCC_WARN_UNINITIALIZED_AUTOS = YES_AGGRESSIVE;
				GCC_WARN_UNUSED_FUNCTION = YES;
				GCC_WARN_UNUSED_VARIABLE = YES;
				IPHONEOS_DEPLOYMENT_TARGET = 14.2;
				MTL_ENABLE_DEBUG_INFO = INCLUDE_SOURCE;
				MTL_FAST_MATH = YES;
				ONLY_ACTIVE_ARCH = YES;
				SDKROOT = iphoneos;
				SWIFT_ACTIVE_COMPILATION_CONDITIONS = DEBUG;
				SWIFT_OPTIMIZATION_LEVEL = "-Onone";
			};
			name = Debug;
		};
		8B8FF4502576F6A40056BB78 /* Release */ = {
			isa = XCBuildConfiguration;
			buildSettings = {
				ALWAYS_SEARCH_USER_PATHS = NO;
				CLANG_ANALYZER_NONNULL = YES;
				CLANG_ANALYZER_NUMBER_OBJECT_CONVERSION = YES_AGGRESSIVE;
				CLANG_CXX_LANGUAGE_STANDARD = "gnu++14";
				CLANG_CXX_LIBRARY = "libc++";
				CLANG_ENABLE_MODULES = YES;
				CLANG_ENABLE_OBJC_ARC = YES;
				CLANG_ENABLE_OBJC_WEAK = YES;
				CLANG_WARN_BLOCK_CAPTURE_AUTORELEASING = YES;
				CLANG_WARN_BOOL_CONVERSION = YES;
				CLANG_WARN_COMMA = YES;
				CLANG_WARN_CONSTANT_CONVERSION = YES;
				CLANG_WARN_DEPRECATED_OBJC_IMPLEMENTATIONS = YES;
				CLANG_WARN_DIRECT_OBJC_ISA_USAGE = YES_ERROR;
				CLANG_WARN_DOCUMENTATION_COMMENTS = YES;
				CLANG_WARN_EMPTY_BODY = YES;
				CLANG_WARN_ENUM_CONVERSION = YES;
				CLANG_WARN_INFINITE_RECURSION = YES;
				CLANG_WARN_INT_CONVERSION = YES;
				CLANG_WARN_NON_LITERAL_NULL_CONVERSION = YES;
				CLANG_WARN_OBJC_IMPLICIT_RETAIN_SELF = YES;
				CLANG_WARN_OBJC_LITERAL_CONVERSION = YES;
				CLANG_WARN_OBJC_ROOT_CLASS = YES_ERROR;
				CLANG_WARN_QUOTED_INCLUDE_IN_FRAMEWORK_HEADER = YES;
				CLANG_WARN_RANGE_LOOP_ANALYSIS = YES;
				CLANG_WARN_STRICT_PROTOTYPES = YES;
				CLANG_WARN_SUSPICIOUS_MOVE = YES;
				CLANG_WARN_UNGUARDED_AVAILABILITY = YES_AGGRESSIVE;
				CLANG_WARN_UNREACHABLE_CODE = YES;
				CLANG_WARN__DUPLICATE_METHOD_MATCH = YES;
				COPY_PHASE_STRIP = NO;
				DEBUG_INFORMATION_FORMAT = "dwarf-with-dsym";
				ENABLE_NS_ASSERTIONS = NO;
				ENABLE_STRICT_OBJC_MSGSEND = YES;
				GCC_C_LANGUAGE_STANDARD = gnu11;
				GCC_NO_COMMON_BLOCKS = YES;
				GCC_WARN_64_TO_32_BIT_CONVERSION = YES;
				GCC_WARN_ABOUT_RETURN_TYPE = YES_ERROR;
				GCC_WARN_UNDECLARED_SELECTOR = YES;
				GCC_WARN_UNINITIALIZED_AUTOS = YES_AGGRESSIVE;
				GCC_WARN_UNUSED_FUNCTION = YES;
				GCC_WARN_UNUSED_VARIABLE = YES;
				IPHONEOS_DEPLOYMENT_TARGET = 14.2;
				MTL_ENABLE_DEBUG_INFO = NO;
				MTL_FAST_MATH = YES;
				SDKROOT = iphoneos;
				SWIFT_COMPILATION_MODE = wholemodule;
				SWIFT_OPTIMIZATION_LEVEL = "-O";
				VALIDATE_PRODUCT = YES;
			};
			name = Release;
		};
		8B8FF4522576F6A40056BB78 /* Debug */ = {
			isa = XCBuildConfiguration;
			buildSettings = {
				ASSETCATALOG_COMPILER_APPICON_NAME = AppIcon;
				ASSETCATALOG_COMPILER_GLOBAL_ACCENT_COLOR_NAME = AccentColor;
				CODE_SIGN_STYLE = Automatic;
				DEVELOPMENT_TEAM = P9TXP3LGTK;
				INFOPLIST_FILE = SebbyJustePrix/Info.plist;
				LD_RUNPATH_SEARCH_PATHS = (
					"$(inherited)",
					"@executable_path/Frameworks",
				);
				MARKETING_VERSION = 1.2;
				PRODUCT_BUNDLE_IDENTIFIER = "fr.daguin-sebastien.SebbyJustePrix";
				PRODUCT_NAME = "$(TARGET_NAME)";
				SWIFT_VERSION = 5.0;
				TARGETED_DEVICE_FAMILY = "1,2";
			};
			name = Debug;
		};
		8B8FF4532576F6A40056BB78 /* Release */ = {
			isa = XCBuildConfiguration;
			buildSettings = {
				ASSETCATALOG_COMPILER_APPICON_NAME = AppIcon;
				ASSETCATALOG_COMPILER_GLOBAL_ACCENT_COLOR_NAME = AccentColor;
				CODE_SIGN_STYLE = Automatic;
				DEVELOPMENT_TEAM = P9TXP3LGTK;
				INFOPLIST_FILE = SebbyJustePrix/Info.plist;
				LD_RUNPATH_SEARCH_PATHS = (
					"$(inherited)",
					"@executable_path/Frameworks",
				);
				MARKETING_VERSION = 1.2;
				PRODUCT_BUNDLE_IDENTIFIER = "fr.daguin-sebastien.SebbyJustePrix";
				PRODUCT_NAME = "$(TARGET_NAME)";
				SWIFT_VERSION = 5.0;
				TARGETED_DEVICE_FAMILY = "1,2";
			};
			name = Release;
		};
/* End XCBuildConfiguration section */

/* Begin XCConfigurationList section */
		8B8FF4382576F69B0056BB78 /* Build configuration list for PBXProject "SebbyJustePrix" */ = {
			isa = XCConfigurationList;
			buildConfigurations = (
				8B8FF44F2576F6A40056BB78 /* Debug */,
				8B8FF4502576F6A40056BB78 /* Release */,
			);
			defaultConfigurationIsVisible = 0;
			defaultConfigurationName = Release;
		};
		8B8FF4512576F6A40056BB78 /* Build configuration list for PBXNativeTarget "SebbyJustePrix" */ = {
			isa = XCConfigurationList;
			buildConfigurations = (
				8B8FF4522576F6A40056BB78 /* Debug */,
				8B8FF4532576F6A40056BB78 /* Release */,
			);
			defaultConfigurationIsVisible = 0;
			defaultConfigurationName = Release;
		};
/* End XCConfigurationList section */

/* Begin XCVersionGroup section */
		8B8FF4B1257CF6550056BB78 /* Core.data_Sebby.xcdatamodeld */ = {
			isa = XCVersionGroup;
			children = (
				8B8FF4B2257CF6550056BB78 /* Core.data_Sebby.xcdatamodel */,
			);
			currentVersion = 8B8FF4B2257CF6550056BB78 /* Core.data_Sebby.xcdatamodel */;
			path = Core.data_Sebby.xcdatamodeld;
			sourceTree = "<group>";
			versionGroupType = wrapper.xcdatamodel;
		};
/* End XCVersionGroup section */
	};
	rootObject = 8B8FF4352576F69B0056BB78 /* Project object */;
}
